# @generated by Move, please check-in and do not edit manually.

[move]
version = 3
manifest_digest = "3B52B1FD431DD03089481011384CC4C0F5735DD7DB25157B87365FB6847E7E46"
deps_digest = "F8BBB0CCB2491CA29A3DF03D6F92277A4F3574266507ACD77214D37ECA3F3082"
dependencies = [
  { id = "Sui", name = "Sui" },
]

[[move.package]]
id = "MoveStdlib"
source = { git = "https://github.com/MystenLabs/sui.git", rev = "framework/testnet", subdir = "crates/sui-framework/packages/move-stdlib" }

[[move.package]]
id = "Sui"
source = { git = "https://github.com/MystenLabs/sui.git", rev = "framework/testnet", subdir = "crates/sui-framework/packages/sui-framework" }

dependencies = [
  { id = "MoveStdlib", name = "MoveStdlib" },
]

[move.toolchain-version]
compiler-version = "1.44.3"
edition = "2024.beta"
flavor = "sui"

[env]

[env.testnet]
chain-id = "4c78adac"
original-published-id = "0x2066512f2ac1dbba78057f4d492a6231991defc5dfa90d6e8c68914d64163020"
latest-published-id = "0x2066512f2ac1dbba78057f4d492a6231991defc5dfa90d6e8c68914d64163020"
published-version = "1"
