# @generated by Move, please check-in and do not edit manually.

[move]
version = 3
manifest_digest = "3B52B1FD431DD03089481011384CC4C0F5735DD7DB25157B87365FB6847E7E46"
deps_digest = "F8BBB0CCB2491CA29A3DF03D6F92277A4F3574266507ACD77214D37ECA3F3082"
dependencies = [
  { id = "Sui", name = "Sui" },
]

[[move.package]]
id = "MoveStdlib"
source = { git = "https://github.com/MystenLabs/sui.git", rev = "framework/testnet", subdir = "crates/sui-framework/packages/move-stdlib" }

[[move.package]]
id = "Sui"
source = { git = "https://github.com/MystenLabs/sui.git", rev = "framework/testnet", subdir = "crates/sui-framework/packages/sui-framework" }

dependencies = [
  { id = "MoveStdlib", name = "MoveStdlib" },
]

[move.toolchain-version]
compiler-version = "1.44.3"
edition = "2024.beta"
flavor = "sui"

[env]

[env.testnet]
chain-id = "4c78adac"
original-published-id = "0x837eeb3f5fff2353505f6e9ea1f68d62ae427214e5386a7d8a10baa12a34d1b2"
latest-published-id = "0x837eeb3f5fff2353505f6e9ea1f68d62ae427214e5386a7d8a10baa12a34d1b2"
published-version = "1"
